
Microsoft Visual Studio Solution File, Format Version 12.00
# Visual Studio Version 17
VisualStudioVersion = 17.12.35527.113
MinimumVisualStudioVersion = 10.0.40219.1
Project("{FAE04EC0-301F-11D3-BF4B-00C04F79EFBC}") = "MathWeb", "MathWeb\MathWeb.csproj", "{90905340-876D-45F6-A0D9-FA7717FEA09B}"
EndProject
Project("{FAE04EC0-301F-11D3-BF4B-00C04F79EFBC}") = "DataMath", "DataMath\DataMath.csproj", "{B81E8DED-0DDF-4023-BE86-9F22A9E74D39}"
EndProject
Project("{FAE04EC0-301F-11D3-BF4B-00C04F79EFBC}") = "BLL", "BLL\BLL.csproj", "{823092B2-B55C-4D7B-AD21-6714D15AB38C}"
EndProject
Project("{FAE04EC0-301F-11D3-BF4B-00C04F79EFBC}") = "MathgRPCServer", "MathgRPCServer\MathgRPCServer.csproj", "{D5896AF8-5E63-4CB4-BA7A-11B35DB2CE7D}"
EndProject
Project("{FAE04EC0-301F-11D3-BF4B-00C04F79EFBC}") = "Contracts", "Contracts\Contracts.csproj", "{F49F0529-F5E4-4F30-B8FD-D22CB3638249}"
EndProject
Global
	GlobalSection(SolutionConfigurationPlatforms) = preSolution
		Debug|Any CPU = Debug|Any CPU
		Release|Any CPU = Release|Any CPU
	EndGlobalSection
	GlobalSection(ProjectConfigurationPlatforms) = postSolution
		{90905340-876D-45F6-A0D9-FA7717FEA09B}.Debug|Any CPU.ActiveCfg = Debug|Any CPU
		{90905340-876D-45F6-A0D9-FA7717FEA09B}.Debug|Any CPU.Build.0 = Debug|Any CPU
		{90905340-876D-45F6-A0D9-FA7717FEA09B}.Release|Any CPU.ActiveCfg = Release|Any CPU
		{90905340-876D-45F6-A0D9-FA7717FEA09B}.Release|Any CPU.Build.0 = Release|Any CPU
		{B81E8DED-0DDF-4023-BE86-9F22A9E74D39}.Debug|Any CPU.ActiveCfg = Debug|Any CPU
		{B81E8DED-0DDF-4023-BE86-9F22A9E74D39}.Debug|Any CPU.Build.0 = Debug|Any CPU
		{B81E8DED-0DDF-4023-BE86-9F22A9E74D39}.Release|Any CPU.ActiveCfg = Release|Any CPU
		{B81E8DED-0DDF-4023-BE86-9F22A9E74D39}.Release|Any CPU.Build.0 = Release|Any CPU
		{823092B2-B55C-4D7B-AD21-6714D15AB38C}.Debug|Any CPU.ActiveCfg = Debug|Any CPU
		{823092B2-B55C-4D7B-AD21-6714D15AB38C}.Debug|Any CPU.Build.0 = Debug|Any CPU
		{823092B2-B55C-4D7B-AD21-6714D15AB38C}.Release|Any CPU.ActiveCfg = Release|Any CPU
		{823092B2-B55C-4D7B-AD21-6714D15AB38C}.Release|Any CPU.Build.0 = Release|Any CPU
		{D5896AF8-5E63-4CB4-BA7A-11B35DB2CE7D}.Debug|Any CPU.ActiveCfg = Debug|Any CPU
		{D5896AF8-5E63-4CB4-BA7A-11B35DB2CE7D}.Debug|Any CPU.Build.0 = Debug|Any CPU
		{D5896AF8-5E63-4CB4-BA7A-11B35DB2CE7D}.Release|Any CPU.ActiveCfg = Release|Any CPU
		{D5896AF8-5E63-4CB4-BA7A-11B35DB2CE7D}.Release|Any CPU.Build.0 = Release|Any CPU
		{F49F0529-F5E4-4F30-B8FD-D22CB3638249}.Debug|Any CPU.ActiveCfg = Debug|Any CPU
		{F49F0529-F5E4-4F30-B8FD-D22CB3638249}.Debug|Any CPU.Build.0 = Debug|Any CPU
		{F49F0529-F5E4-4F30-B8FD-D22CB3638249}.Release|Any CPU.ActiveCfg = Release|Any CPU
		{F49F0529-F5E4-4F30-B8FD-D22CB3638249}.Release|Any CPU.Build.0 = Release|Any CPU
	EndGlobalSection
	GlobalSection(SolutionProperties) = preSolution
		HideSolutionNode = FALSE
	EndGlobalSection
	GlobalSection(ExtensibilityGlobals) = postSolution
		SolutionGuid = {B04E270B-11DA-4AE9-B3E5-8774BBF8D9AF}
	EndGlobalSection
EndGlobal
