
Microsoft Visual Studio Solution File, Format Version 12.00
# Visual Studio Version 17
VisualStudioVersion = 17.12.35527.113
MinimumVisualStudioVersion = 10.0.40219.1
Project("{2150E333-8FDC-42A3-9474-1A3956D46DE8}") = "Math", "Math", "{02EA681E-C7D8-13C7-8484-4AC65E1B71E8}"
EndProject
Project("{2150E333-8FDC-42A3-9474-1A3956D46DE8}") = "Infra", "Infra", "{21B1E40A-05CA-4CE9-89B5-594FE6CD5965}"
EndProject
Project("{2150E333-8FDC-42A3-9474-1A3956D46DE8}") = "docker", "docker", "{2D932157-1B74-4F3D-89B3-6A213580F199}"
	ProjectSection(SolutionItems) = preProject
		docker-compose.yml = docker-compose.yml
	EndProjectSection
EndProject
Project("{2150E333-8FDC-42A3-9474-1A3956D46DE8}") = "Libs", "Libs", "{5141197A-3BE1-49CD-943A-8DADCED43C26}"
EndProject
Project("{2150E333-8FDC-42A3-9474-1A3956D46DE8}") = "Protos", "Protos", "{E37721C4-ED40-43CA-87C5-41902364BE65}"
EndProject
Project("{2150E333-8FDC-42A3-9474-1A3956D46DE8}") = "Common", "Common", "{7C3796CE-C6A8-48A5-A198-331DEE1839CC}"
EndProject
Project("{2150E333-8FDC-42A3-9474-1A3956D46DE8}") = "Services", "Services", "{6C3708B2-E325-45AD-AD41-3997E5718442}"
EndProject
Project("{2150E333-8FDC-42A3-9474-1A3956D46DE8}") = "Gatewayes", "Gatewayes", "{EEA91103-A3D7-42DD-BAA2-0FB017FB756B}"
EndProject
Project("{2150E333-8FDC-42A3-9474-1A3956D46DE8}") = "Api-Gateway", "Api-Gateway", "{26501710-CA6B-4C18-A6B4-0D3A69D1BC0D}"
EndProject
Project("{2150E333-8FDC-42A3-9474-1A3956D46DE8}") = "Web-Gateway", "Web-Gateway", "{3344DA95-6633-4A31-976D-B1E9C5A3CF68}"
EndProject
Project("{2150E333-8FDC-42A3-9474-1A3956D46DE8}") = "CoreService", "CoreService", "{4761ECAD-6047-4CED-ABA4-F3B7A38775B1}"
EndProject
Project("{FAE04EC0-301F-11D3-BF4B-00C04F79EFBC}") = "Domain", "Domain\Domain.csproj", "{DA2D65F0-2D3F-451A-9CE1-3C6F34379711}"
EndProject
Project("{FAE04EC0-301F-11D3-BF4B-00C04F79EFBC}") = "Application", "Application\Application.csproj", "{898DB8F0-B936-4167-BEDE-5D4A065EE420}"
EndProject
Project("{FAE04EC0-301F-11D3-BF4B-00C04F79EFBC}") = "Infrastructure", "Infrasctrure\Infrastructure.csproj", "{CA02066F-9410-45ED-8417-1C8B8C26DA9E}"
EndProject
Project("{FAE04EC0-301F-11D3-BF4B-00C04F79EFBC}") = "Math.Api", "Math.Api\Math.Api.csproj", "{A85787F3-3601-4FAE-9698-77087032FFD7}"
EndProject
Global
	GlobalSection(SolutionConfigurationPlatforms) = preSolution
		Debug|Any CPU = Debug|Any CPU
		Release|Any CPU = Release|Any CPU
	EndGlobalSection
	GlobalSection(ProjectConfigurationPlatforms) = postSolution
		{DA2D65F0-2D3F-451A-9CE1-3C6F34379711}.Debug|Any CPU.ActiveCfg = Debug|Any CPU
		{DA2D65F0-2D3F-451A-9CE1-3C6F34379711}.Debug|Any CPU.Build.0 = Debug|Any CPU
		{DA2D65F0-2D3F-451A-9CE1-3C6F34379711}.Release|Any CPU.ActiveCfg = Release|Any CPU
		{DA2D65F0-2D3F-451A-9CE1-3C6F34379711}.Release|Any CPU.Build.0 = Release|Any CPU
		{898DB8F0-B936-4167-BEDE-5D4A065EE420}.Debug|Any CPU.ActiveCfg = Debug|Any CPU
		{898DB8F0-B936-4167-BEDE-5D4A065EE420}.Debug|Any CPU.Build.0 = Debug|Any CPU
		{898DB8F0-B936-4167-BEDE-5D4A065EE420}.Release|Any CPU.ActiveCfg = Release|Any CPU
		{898DB8F0-B936-4167-BEDE-5D4A065EE420}.Release|Any CPU.Build.0 = Release|Any CPU
		{CA02066F-9410-45ED-8417-1C8B8C26DA9E}.Debug|Any CPU.ActiveCfg = Debug|Any CPU
		{CA02066F-9410-45ED-8417-1C8B8C26DA9E}.Debug|Any CPU.Build.0 = Debug|Any CPU
		{CA02066F-9410-45ED-8417-1C8B8C26DA9E}.Release|Any CPU.ActiveCfg = Release|Any CPU
		{CA02066F-9410-45ED-8417-1C8B8C26DA9E}.Release|Any CPU.Build.0 = Release|Any CPU
		{A85787F3-3601-4FAE-9698-77087032FFD7}.Debug|Any CPU.ActiveCfg = Debug|Any CPU
		{A85787F3-3601-4FAE-9698-77087032FFD7}.Debug|Any CPU.Build.0 = Debug|Any CPU
		{A85787F3-3601-4FAE-9698-77087032FFD7}.Release|Any CPU.ActiveCfg = Release|Any CPU
		{A85787F3-3601-4FAE-9698-77087032FFD7}.Release|Any CPU.Build.0 = Release|Any CPU
	EndGlobalSection
	GlobalSection(SolutionProperties) = preSolution
		HideSolutionNode = FALSE
	EndGlobalSection
	GlobalSection(NestedProjects) = preSolution
		{21B1E40A-05CA-4CE9-89B5-594FE6CD5965} = {02EA681E-C7D8-13C7-8484-4AC65E1B71E8}
		{2D932157-1B74-4F3D-89B3-6A213580F199} = {21B1E40A-05CA-4CE9-89B5-594FE6CD5965}
		{5141197A-3BE1-49CD-943A-8DADCED43C26} = {02EA681E-C7D8-13C7-8484-4AC65E1B71E8}
		{E37721C4-ED40-43CA-87C5-41902364BE65} = {5141197A-3BE1-49CD-943A-8DADCED43C26}
		{7C3796CE-C6A8-48A5-A198-331DEE1839CC} = {5141197A-3BE1-49CD-943A-8DADCED43C26}
		{6C3708B2-E325-45AD-AD41-3997E5718442} = {02EA681E-C7D8-13C7-8484-4AC65E1B71E8}
		{EEA91103-A3D7-42DD-BAA2-0FB017FB756B} = {02EA681E-C7D8-13C7-8484-4AC65E1B71E8}
		{26501710-CA6B-4C18-A6B4-0D3A69D1BC0D} = {EEA91103-A3D7-42DD-BAA2-0FB017FB756B}
		{3344DA95-6633-4A31-976D-B1E9C5A3CF68} = {EEA91103-A3D7-42DD-BAA2-0FB017FB756B}
		{4761ECAD-6047-4CED-ABA4-F3B7A38775B1} = {6C3708B2-E325-45AD-AD41-3997E5718442}
		{DA2D65F0-2D3F-451A-9CE1-3C6F34379711} = {4761ECAD-6047-4CED-ABA4-F3B7A38775B1}
		{898DB8F0-B936-4167-BEDE-5D4A065EE420} = {4761ECAD-6047-4CED-ABA4-F3B7A38775B1}
		{CA02066F-9410-45ED-8417-1C8B8C26DA9E} = {4761ECAD-6047-4CED-ABA4-F3B7A38775B1}
		{A85787F3-3601-4FAE-9698-77087032FFD7} = {4761ECAD-6047-4CED-ABA4-F3B7A38775B1}
	EndGlobalSection
	GlobalSection(ExtensibilityGlobals) = postSolution
		SolutionGuid = {B04E270B-11DA-4AE9-B3E5-8774BBF8D9AF}
	EndGlobalSection
EndGlobal
