
Microsoft Visual Studio Solution File, Format Version 12.00
# Visual Studio Version 18
VisualStudioVersion = 18.4.11620.152
MinimumVisualStudioVersion = 10.0.40219.1
Project("{2150E333-8FDC-42A3-9474-1A3956D46DE8}") = "Solution Items", "Solution Items", "{706CCECB-9296-43DA-9B03-C689439EE950}"
	ProjectSection(SolutionItems) = preProject
		.dockerignore = .dockerignore
		.gitignore = .gitignore
		Directory.Build.props = Directory.Build.props
		docker-compose.yml = docker-compose.yml
	EndProjectSection
EndProject
Project("{2150E333-8FDC-42A3-9474-1A3956D46DE8}") = "infra", "infra", "{7A1C2E44-5B9D-4F0A-9C3E-2D8B6F1A4E77}"
	ProjectSection(SolutionItems) = preProject
		infra\docker-compose.yml = infra\docker-compose.yml
	EndProjectSection
EndProject
Project("{2150E333-8FDC-42A3-9474-1A3956D46DE8}") = "nginx", "nginx", "{3B6E1F0A-8C2D-4E7B-9A51-6D4C2B8E1F03}"
	ProjectSection(SolutionItems) = preProject
		infra\nginx\nginx.conf = infra\nginx\nginx.conf
	EndProjectSection
EndProject
Project("{2150E333-8FDC-42A3-9474-1A3956D46DE8}") = "mediamtx", "mediamtx", "{9D2C4A7E-1B3F-4C68-8E5A-0F7B3D6A2C14}"
	ProjectSection(SolutionItems) = preProject
		infra\mediamtx\mediamtx.yml = infra\mediamtx\mediamtx.yml
	EndProjectSection
EndProject
Project("{2150E333-8FDC-42A3-9474-1A3956D46DE8}") = "src", "src", "{4DC24B70-3305-4FE2-90AC-7162B187B49B}"
EndProject
Project("{2150E333-8FDC-42A3-9474-1A3956D46DE8}") = "Services", "Services", "{A4009AAE-B528-4ED1-84C6-A1B81367A5AB}"
EndProject
Project("{2150E333-8FDC-42A3-9474-1A3956D46DE8}") = "CoreService", "CoreService", "{EB312089-CDD9-43D4-856D-4403B3EF9ECB}"
EndProject
Project("{2150E333-8FDC-42A3-9474-1A3956D46DE8}") = "AuthService", "AuthService", "{4DB869BC-40FE-47E0-A4A4-14E5F4C00E11}"
EndProject
Project("{2150E333-8FDC-42A3-9474-1A3956D46DE8}") = "BuildingBlocks", "BuildingBlocks", "{34ADC377-A02E-43F6-8359-9BEA6FA00048}"
EndProject
Project("{FAE04EC0-301F-11D3-BF4B-00C04F79EFBC}") = "Math.Domain", "src\Services\CoreService\Math.Domain\Math.Domain.csproj", "{DA2D65F0-2D3F-451A-9CE1-3C6F34379711}"
EndProject
Project("{FAE04EC0-301F-11D3-BF4B-00C04F79EFBC}") = "Math.Application", "src\Services\CoreService\Math.Application\Math.Application.csproj", "{898DB8F0-B936-4167-BEDE-5D4A065EE420}"
EndProject
Project("{FAE04EC0-301F-11D3-BF4B-00C04F79EFBC}") = "Math.Infrastructure", "src\Services\CoreService\Math.Infrastructure\Math.Infrastructure.csproj", "{CA02066F-9410-45ED-8417-1C8B8C26DA9E}"
EndProject
Project("{FAE04EC0-301F-11D3-BF4B-00C04F79EFBC}") = "Math.Api", "src\Services\CoreService\Math.Api\Math.Api.csproj", "{A85787F3-3601-4FAE-9698-77087032FFD7}"
EndProject
Project("{FAE04EC0-301F-11D3-BF4B-00C04F79EFBC}") = "Math.Infrastructure.Messaging", "src\Services\CoreService\Math.Infrastructure.Messaging\Math.Infrastructure.Messaging.csproj", "{36B4B3C2-E1F5-4B09-AD50-73A754A792DC}"
EndProject
Project("{FAE04EC0-301F-11D3-BF4B-00C04F79EFBC}") = "Infrastructure.Events", "src\BuildingBlocks\Infrastructure.Events\Infrastructure.Events.csproj", "{5F27327F-2120-4D4D-A379-8FAA7164AE07}"
EndProject
Project("{FAE04EC0-301F-11D3-BF4B-00C04F79EFBC}") = "Auth.Domain", "src\Services\AuthService\Auth.Domain\Auth.Domain.csproj", "{9B860E76-37C0-4DBD-A3D0-4158F6A1B8B1}"
EndProject
Project("{FAE04EC0-301F-11D3-BF4B-00C04F79EFBC}") = "Auth.Application", "src\Services\AuthService\Auth.Application\Auth.Application.csproj", "{ECE7D718-A01E-483A-9E89-418D6BDB62F6}"
EndProject
Project("{FAE04EC0-301F-11D3-BF4B-00C04F79EFBC}") = "Auth.Infrastructure", "src\Services\AuthService\Auth.Infrastructure\Auth.Infrastructure.csproj", "{A71E7564-9029-4F9F-9B13-A76862FC3426}"
EndProject
Project("{FAE04EC0-301F-11D3-BF4B-00C04F79EFBC}") = "Auth.Infrastructure.Messaging", "src\Services\AuthService\Auth.Infrastructure.Messaging\Auth.Infrastructure.Messaging.csproj", "{C87FEF0C-5DB7-4502-AECC-176193EB0FC1}"
EndProject
Project("{FAE04EC0-301F-11D3-BF4B-00C04F79EFBC}") = "Auth.Seeds", "src\Services\AuthService\Auth.Seeds\Auth.Seeds.csproj", "{450F2B9B-2A36-44D3-87D5-A9970E773C37}"
EndProject
Project("{FAE04EC0-301F-11D3-BF4B-00C04F79EFBC}") = "Auth.Api", "src\Services\AuthService\Auth.Api\Auth.Api.csproj", "{DC7AA782-F6F0-4CD6-AC31-6EB3EB8E39FF}"
EndProject
Project("{2150E333-8FDC-42A3-9474-1A3956D46DE8}") = "StreamingService", "StreamingService", "{5EBA61D9-DF24-4ADD-AA38-42F8489CE0EB}"
EndProject
Project("{FAE04EC0-301F-11D3-BF4B-00C04F79EFBC}") = "Streaming.Domain", "src\Services\StreamingService\Streaming.Domain\Streaming.Domain.csproj", "{9049CC33-7E6C-46C6-8DFB-FB506E7A743F}"
EndProject
Project("{FAE04EC0-301F-11D3-BF4B-00C04F79EFBC}") = "Streaming.Application", "src\Services\StreamingService\Streaming.Application\Streaming.Application.csproj", "{F4D6BD6D-2C3E-4652-A396-E184E28210F5}"
EndProject
Project("{FAE04EC0-301F-11D3-BF4B-00C04F79EFBC}") = "Streaming.Infrastructure", "src\Services\StreamingService\Streaming.Infrastructure\Streaming.Infrastructure.csproj", "{43174F27-F6FD-4FBF-958F-C415B9076C48}"
EndProject
Project("{FAE04EC0-301F-11D3-BF4B-00C04F79EFBC}") = "Streaming.Api", "src\Services\StreamingService\Streaming.Api\Streaming.Api.csproj", "{42F49149-3179-45D0-AD94-3BBBDF4A1ED7}"
EndProject
Project("{FAE04EC0-301F-11D3-BF4B-00C04F79EFBC}") = "SharedKernel", "src\BuildingBlocks\SharedKernel\SharedKernel.csproj", "{2D12CD17-C630-4977-AE66-5CED653DCE61}"
EndProject
Project("{FAE04EC0-301F-11D3-BF4B-00C04F79EFBC}") = "SharedKernel.AspNetCore", "src\BuildingBlocks\SharedKernel.AspNetCore\SharedKernel.AspNetCore.csproj", "{AD9FADBF-73AF-4DD3-9E32-A4EDD47619C3}"
EndProject
Project("{FAE04EC0-301F-11D3-BF4B-00C04F79EFBC}") = "SharedKernel.Persistence", "src\BuildingBlocks\SharedKernel.Persistence\SharedKernel.Persistence.csproj", "{6E3B9C1D-4F2A-4B8E-9D17-3A5C8E2F1B40}"
EndProject
Project("{FAE04EC0-301F-11D3-BF4B-00C04F79EFBC}") = "SharedKernel.Application", "src\BuildingBlocks\SharedKernel.Application\SharedKernel.Application.csproj", "{B7A41E52-0C9D-4E3F-8A26-5D1F7C9E3A81}"
EndProject
Global
	GlobalSection(SolutionConfigurationPlatforms) = preSolution
		Debug|Any CPU = Debug|Any CPU
		Release|Any CPU = Release|Any CPU
	EndGlobalSection
	GlobalSection(ProjectConfigurationPlatforms) = postSolution
		{DA2D65F0-2D3F-451A-9CE1-3C6F34379711}.Debug|Any CPU.ActiveCfg = Debug|Any CPU
		{DA2D65F0-2D3F-451A-9CE1-3C6F34379711}.Debug|Any CPU.Build.0 = Debug|Any CPU
		{DA2D65F0-2D3F-451A-9CE1-3C6F34379711}.Release|Any CPU.ActiveCfg = Release|Any CPU
		{DA2D65F0-2D3F-451A-9CE1-3C6F34379711}.Release|Any CPU.Build.0 = Release|Any CPU
		{898DB8F0-B936-4167-BEDE-5D4A065EE420}.Debug|Any CPU.ActiveCfg = Debug|Any CPU
		{898DB8F0-B936-4167-BEDE-5D4A065EE420}.Debug|Any CPU.Build.0 = Debug|Any CPU
		{898DB8F0-B936-4167-BEDE-5D4A065EE420}.Release|Any CPU.ActiveCfg = Release|Any CPU
		{898DB8F0-B936-4167-BEDE-5D4A065EE420}.Release|Any CPU.Build.0 = Release|Any CPU
		{CA02066F-9410-45ED-8417-1C8B8C26DA9E}.Debug|Any CPU.ActiveCfg = Debug|Any CPU
		{CA02066F-9410-45ED-8417-1C8B8C26DA9E}.Debug|Any CPU.Build.0 = Debug|Any CPU
		{CA02066F-9410-45ED-8417-1C8B8C26DA9E}.Release|Any CPU.ActiveCfg = Release|Any CPU
		{CA02066F-9410-45ED-8417-1C8B8C26DA9E}.Release|Any CPU.Build.0 = Release|Any CPU
		{A85787F3-3601-4FAE-9698-77087032FFD7}.Debug|Any CPU.ActiveCfg = Debug|Any CPU
		{A85787F3-3601-4FAE-9698-77087032FFD7}.Debug|Any CPU.Build.0 = Debug|Any CPU
		{A85787F3-3601-4FAE-9698-77087032FFD7}.Release|Any CPU.ActiveCfg = Release|Any CPU
		{A85787F3-3601-4FAE-9698-77087032FFD7}.Release|Any CPU.Build.0 = Release|Any CPU
		{36B4B3C2-E1F5-4B09-AD50-73A754A792DC}.Debug|Any CPU.ActiveCfg = Debug|Any CPU
		{36B4B3C2-E1F5-4B09-AD50-73A754A792DC}.Debug|Any CPU.Build.0 = Debug|Any CPU
		{36B4B3C2-E1F5-4B09-AD50-73A754A792DC}.Release|Any CPU.ActiveCfg = Release|Any CPU
		{36B4B3C2-E1F5-4B09-AD50-73A754A792DC}.Release|Any CPU.Build.0 = Release|Any CPU
		{5F27327F-2120-4D4D-A379-8FAA7164AE07}.Debug|Any CPU.ActiveCfg = Debug|Any CPU
		{5F27327F-2120-4D4D-A379-8FAA7164AE07}.Debug|Any CPU.Build.0 = Debug|Any CPU
		{5F27327F-2120-4D4D-A379-8FAA7164AE07}.Release|Any CPU.ActiveCfg = Release|Any CPU
		{5F27327F-2120-4D4D-A379-8FAA7164AE07}.Release|Any CPU.Build.0 = Release|Any CPU
		{9B860E76-37C0-4DBD-A3D0-4158F6A1B8B1}.Debug|Any CPU.ActiveCfg = Debug|Any CPU
		{9B860E76-37C0-4DBD-A3D0-4158F6A1B8B1}.Debug|Any CPU.Build.0 = Debug|Any CPU
		{9B860E76-37C0-4DBD-A3D0-4158F6A1B8B1}.Release|Any CPU.ActiveCfg = Release|Any CPU
		{9B860E76-37C0-4DBD-A3D0-4158F6A1B8B1}.Release|Any CPU.Build.0 = Release|Any CPU
		{ECE7D718-A01E-483A-9E89-418D6BDB62F6}.Debug|Any CPU.ActiveCfg = Debug|Any CPU
		{ECE7D718-A01E-483A-9E89-418D6BDB62F6}.Debug|Any CPU.Build.0 = Debug|Any CPU
		{ECE7D718-A01E-483A-9E89-418D6BDB62F6}.Release|Any CPU.ActiveCfg = Release|Any CPU
		{ECE7D718-A01E-483A-9E89-418D6BDB62F6}.Release|Any CPU.Build.0 = Release|Any CPU
		{A71E7564-9029-4F9F-9B13-A76862FC3426}.Debug|Any CPU.ActiveCfg = Debug|Any CPU
		{A71E7564-9029-4F9F-9B13-A76862FC3426}.Debug|Any CPU.Build.0 = Debug|Any CPU
		{A71E7564-9029-4F9F-9B13-A76862FC3426}.Release|Any CPU.ActiveCfg = Release|Any CPU
		{A71E7564-9029-4F9F-9B13-A76862FC3426}.Release|Any CPU.Build.0 = Release|Any CPU
		{C87FEF0C-5DB7-4502-AECC-176193EB0FC1}.Debug|Any CPU.ActiveCfg = Debug|Any CPU
		{C87FEF0C-5DB7-4502-AECC-176193EB0FC1}.Debug|Any CPU.Build.0 = Debug|Any CPU
		{C87FEF0C-5DB7-4502-AECC-176193EB0FC1}.Release|Any CPU.ActiveCfg = Release|Any CPU
		{C87FEF0C-5DB7-4502-AECC-176193EB0FC1}.Release|Any CPU.Build.0 = Release|Any CPU
		{450F2B9B-2A36-44D3-87D5-A9970E773C37}.Debug|Any CPU.ActiveCfg = Debug|Any CPU
		{450F2B9B-2A36-44D3-87D5-A9970E773C37}.Debug|Any CPU.Build.0 = Debug|Any CPU
		{450F2B9B-2A36-44D3-87D5-A9970E773C37}.Release|Any CPU.ActiveCfg = Release|Any CPU
		{450F2B9B-2A36-44D3-87D5-A9970E773C37}.Release|Any CPU.Build.0 = Release|Any CPU
		{DC7AA782-F6F0-4CD6-AC31-6EB3EB8E39FF}.Debug|Any CPU.ActiveCfg = Debug|Any CPU
		{DC7AA782-F6F0-4CD6-AC31-6EB3EB8E39FF}.Debug|Any CPU.Build.0 = Debug|Any CPU
		{DC7AA782-F6F0-4CD6-AC31-6EB3EB8E39FF}.Release|Any CPU.ActiveCfg = Release|Any CPU
		{DC7AA782-F6F0-4CD6-AC31-6EB3EB8E39FF}.Release|Any CPU.Build.0 = Release|Any CPU
		{9049CC33-7E6C-46C6-8DFB-FB506E7A743F}.Debug|Any CPU.ActiveCfg = Debug|Any CPU
		{9049CC33-7E6C-46C6-8DFB-FB506E7A743F}.Debug|Any CPU.Build.0 = Debug|Any CPU
		{9049CC33-7E6C-46C6-8DFB-FB506E7A743F}.Release|Any CPU.ActiveCfg = Release|Any CPU
		{9049CC33-7E6C-46C6-8DFB-FB506E7A743F}.Release|Any CPU.Build.0 = Release|Any CPU
		{F4D6BD6D-2C3E-4652-A396-E184E28210F5}.Debug|Any CPU.ActiveCfg = Debug|Any CPU
		{F4D6BD6D-2C3E-4652-A396-E184E28210F5}.Debug|Any CPU.Build.0 = Debug|Any CPU
		{F4D6BD6D-2C3E-4652-A396-E184E28210F5}.Release|Any CPU.ActiveCfg = Release|Any CPU
		{F4D6BD6D-2C3E-4652-A396-E184E28210F5}.Release|Any CPU.Build.0 = Release|Any CPU
		{43174F27-F6FD-4FBF-958F-C415B9076C48}.Debug|Any CPU.ActiveCfg = Debug|Any CPU
		{43174F27-F6FD-4FBF-958F-C415B9076C48}.Debug|Any CPU.Build.0 = Debug|Any CPU
		{43174F27-F6FD-4FBF-958F-C415B9076C48}.Release|Any CPU.ActiveCfg = Release|Any CPU
		{43174F27-F6FD-4FBF-958F-C415B9076C48}.Release|Any CPU.Build.0 = Release|Any CPU
		{42F49149-3179-45D0-AD94-3BBBDF4A1ED7}.Debug|Any CPU.ActiveCfg = Debug|Any CPU
		{42F49149-3179-45D0-AD94-3BBBDF4A1ED7}.Debug|Any CPU.Build.0 = Debug|Any CPU
		{42F49149-3179-45D0-AD94-3BBBDF4A1ED7}.Release|Any CPU.ActiveCfg = Release|Any CPU
		{42F49149-3179-45D0-AD94-3BBBDF4A1ED7}.Release|Any CPU.Build.0 = Release|Any CPU
		{2D12CD17-C630-4977-AE66-5CED653DCE61}.Debug|Any CPU.ActiveCfg = Debug|Any CPU
		{2D12CD17-C630-4977-AE66-5CED653DCE61}.Debug|Any CPU.Build.0 = Debug|Any CPU
		{2D12CD17-C630-4977-AE66-5CED653DCE61}.Release|Any CPU.ActiveCfg = Release|Any CPU
		{2D12CD17-C630-4977-AE66-5CED653DCE61}.Release|Any CPU.Build.0 = Release|Any CPU
		{AD9FADBF-73AF-4DD3-9E32-A4EDD47619C3}.Debug|Any CPU.ActiveCfg = Debug|Any CPU
		{AD9FADBF-73AF-4DD3-9E32-A4EDD47619C3}.Debug|Any CPU.Build.0 = Debug|Any CPU
		{AD9FADBF-73AF-4DD3-9E32-A4EDD47619C3}.Release|Any CPU.ActiveCfg = Release|Any CPU
		{AD9FADBF-73AF-4DD3-9E32-A4EDD47619C3}.Release|Any CPU.Build.0 = Release|Any CPU
		{6E3B9C1D-4F2A-4B8E-9D17-3A5C8E2F1B40}.Debug|Any CPU.ActiveCfg = Debug|Any CPU
		{6E3B9C1D-4F2A-4B8E-9D17-3A5C8E2F1B40}.Debug|Any CPU.Build.0 = Debug|Any CPU
		{6E3B9C1D-4F2A-4B8E-9D17-3A5C8E2F1B40}.Release|Any CPU.ActiveCfg = Release|Any CPU
		{6E3B9C1D-4F2A-4B8E-9D17-3A5C8E2F1B40}.Release|Any CPU.Build.0 = Release|Any CPU
		{B7A41E52-0C9D-4E3F-8A26-5D1F7C9E3A81}.Debug|Any CPU.ActiveCfg = Debug|Any CPU
		{B7A41E52-0C9D-4E3F-8A26-5D1F7C9E3A81}.Debug|Any CPU.Build.0 = Debug|Any CPU
		{B7A41E52-0C9D-4E3F-8A26-5D1F7C9E3A81}.Release|Any CPU.ActiveCfg = Release|Any CPU
		{B7A41E52-0C9D-4E3F-8A26-5D1F7C9E3A81}.Release|Any CPU.Build.0 = Release|Any CPU
	EndGlobalSection
	GlobalSection(SolutionProperties) = preSolution
		HideSolutionNode = FALSE
	EndGlobalSection
	GlobalSection(NestedProjects) = preSolution
		{3B6E1F0A-8C2D-4E7B-9A51-6D4C2B8E1F03} = {7A1C2E44-5B9D-4F0A-9C3E-2D8B6F1A4E77}
		{9D2C4A7E-1B3F-4C68-8E5A-0F7B3D6A2C14} = {7A1C2E44-5B9D-4F0A-9C3E-2D8B6F1A4E77}
		{5EBA61D9-DF24-4ADD-AA38-42F8489CE0EB} = {A4009AAE-B528-4ED1-84C6-A1B81367A5AB}
		{9049CC33-7E6C-46C6-8DFB-FB506E7A743F} = {5EBA61D9-DF24-4ADD-AA38-42F8489CE0EB}
		{F4D6BD6D-2C3E-4652-A396-E184E28210F5} = {5EBA61D9-DF24-4ADD-AA38-42F8489CE0EB}
		{43174F27-F6FD-4FBF-958F-C415B9076C48} = {5EBA61D9-DF24-4ADD-AA38-42F8489CE0EB}
		{42F49149-3179-45D0-AD94-3BBBDF4A1ED7} = {5EBA61D9-DF24-4ADD-AA38-42F8489CE0EB}
		{A4009AAE-B528-4ED1-84C6-A1B81367A5AB} = {4DC24B70-3305-4FE2-90AC-7162B187B49B}
		{EB312089-CDD9-43D4-856D-4403B3EF9ECB} = {A4009AAE-B528-4ED1-84C6-A1B81367A5AB}
		{4DB869BC-40FE-47E0-A4A4-14E5F4C00E11} = {A4009AAE-B528-4ED1-84C6-A1B81367A5AB}
		{34ADC377-A02E-43F6-8359-9BEA6FA00048} = {4DC24B70-3305-4FE2-90AC-7162B187B49B}
		{DA2D65F0-2D3F-451A-9CE1-3C6F34379711} = {EB312089-CDD9-43D4-856D-4403B3EF9ECB}
		{898DB8F0-B936-4167-BEDE-5D4A065EE420} = {EB312089-CDD9-43D4-856D-4403B3EF9ECB}
		{CA02066F-9410-45ED-8417-1C8B8C26DA9E} = {EB312089-CDD9-43D4-856D-4403B3EF9ECB}
		{A85787F3-3601-4FAE-9698-77087032FFD7} = {EB312089-CDD9-43D4-856D-4403B3EF9ECB}
		{36B4B3C2-E1F5-4B09-AD50-73A754A792DC} = {EB312089-CDD9-43D4-856D-4403B3EF9ECB}
		{5F27327F-2120-4D4D-A379-8FAA7164AE07} = {34ADC377-A02E-43F6-8359-9BEA6FA00048}
		{2D12CD17-C630-4977-AE66-5CED653DCE61} = {34ADC377-A02E-43F6-8359-9BEA6FA00048}
		{AD9FADBF-73AF-4DD3-9E32-A4EDD47619C3} = {34ADC377-A02E-43F6-8359-9BEA6FA00048}
		{6E3B9C1D-4F2A-4B8E-9D17-3A5C8E2F1B40} = {34ADC377-A02E-43F6-8359-9BEA6FA00048}
		{B7A41E52-0C9D-4E3F-8A26-5D1F7C9E3A81} = {34ADC377-A02E-43F6-8359-9BEA6FA00048}
		{9B860E76-37C0-4DBD-A3D0-4158F6A1B8B1} = {4DB869BC-40FE-47E0-A4A4-14E5F4C00E11}
		{ECE7D718-A01E-483A-9E89-418D6BDB62F6} = {4DB869BC-40FE-47E0-A4A4-14E5F4C00E11}
		{A71E7564-9029-4F9F-9B13-A76862FC3426} = {4DB869BC-40FE-47E0-A4A4-14E5F4C00E11}
		{C87FEF0C-5DB7-4502-AECC-176193EB0FC1} = {4DB869BC-40FE-47E0-A4A4-14E5F4C00E11}
		{450F2B9B-2A36-44D3-87D5-A9970E773C37} = {4DB869BC-40FE-47E0-A4A4-14E5F4C00E11}
		{DC7AA782-F6F0-4CD6-AC31-6EB3EB8E39FF} = {4DB869BC-40FE-47E0-A4A4-14E5F4C00E11}
	EndGlobalSection
	GlobalSection(ExtensibilityGlobals) = postSolution
		SolutionGuid = {B04E270B-11DA-4AE9-B3E5-8774BBF8D9AF}
	EndGlobalSection
EndGlobal
